
Microsoft Visual Studio Solution File, Format Version 12.00
# Visual Studio Version 16
VisualStudioVersion = 25.0.1706.0
MinimumVisualStudioVersion = 10.0.40219.1
Project("{FAE04EC0-301F-11D3-BF4B-00C04F79EFBC}") = "backend-template", "backend-template.csproj", "{6282CF12-3AF8-4DB6-AFAB-0BD35594D40D}"
EndProject
Global
	GlobalSection(SolutionConfigurationPlatforms) = preSolution
		Debug|Any CPU = Debug|Any CPU
		Release|Any CPU = Release|Any CPU
	EndGlobalSection
	GlobalSection(ProjectConfigurationPlatforms) = postSolution
		{6282CF12-3AF8-4DB6-AFAB-0BD35594D40D}.Debug|Any CPU.ActiveCfg = Debug|Any CPU
		{6282CF12-3AF8-4DB6-AFAB-0BD35594D40D}.Debug|Any CPU.Build.0 = Debug|Any CPU
		{6282CF12-3AF8-4DB6-AFAB-0BD35594D40D}.Release|Any CPU.ActiveCfg = Release|Any CPU
		{6282CF12-3AF8-4DB6-AFAB-0BD35594D40D}.Release|Any CPU.Build.0 = Release|Any CPU
	EndGlobalSection
	GlobalSection(SolutionProperties) = preSolution
		HideSolutionNode = FALSE
	EndGlobalSection
	GlobalSection(ExtensibilityGlobals) = postSolution
		SolutionGuid = {4B9CC5C5-9BAA-4D59-9D46-7D6FE5A55409}
	EndGlobalSection
EndGlobal
